<?xml version="1.0" encoding="utf-8"?>
<Project ToolsVersion="4.0" xmlns:atg="http://atg.xbox.com" xmlns="http://schemas.microsoft.com/developer/msbuild/2003">
  <ItemGroup>
    <Filter Include="Resource Files">
      <UniqueIdentifier>{8e114980-c1a3-4ada-ad7c-83caadf5daeb}</UniqueIdentifier>
      <Extensions>rc;ico;cur;bmp;dlg;rc2;rct;bin;rgs;gif;jpg;jpeg;jpe</Extensions>
    </Filter>
    <Filter Include="Shaders">
      <UniqueIdentifier>{2c3d4c8c-5d1a-459a-a05a-a4e4b608a44e}</UniqueIdentifier>
      <Extensions>fx;fxh;hlsl</Extensions>
    </Filter>
    <Filter Include="Header">
      <UniqueIdentifier>{c4739959-2101-4f0f-b5a9-285b598e94fd}</UniqueIdentifier>
    </Filter>
    <Filter Include="Source">
      <UniqueIdentifier>{aa96a2dd-49a8-419a-9fd4-e3f3038ee830}</UniqueIdentifier>
    </Filter>
    <Filter Include="Resources">
      <UniqueIdentifier>{fd14004b-f9e6-41e4-a81c-b040372e4f5a}</UniqueIdentifier>
    </Filter>
    <Filter Include="Resources\Images">
      <UniqueIdentifier>{a925a2ff-fd0d-412c-806c-a7f0e2ecc4e4}</UniqueIdentifier>
    </Filter>
    <Filter Include="Math">
      <UniqueIdentifier>{4f3d47f7-a407-4638-b78e-e226c6372251}</UniqueIdentifier>
    </Filter>
    <Filter Include="Resources\Sound">
      <UniqueIdentifier>{6a56b4ae-7ab2-41bc-bb2c-34a7f8a94bb4}</UniqueIdentifier>
    </Filter>
  </ItemGroup>
  <ItemGroup>
    <None Include="Resources\Images\PurpGuy.png">
      <Filter>Resources\Images</Filter>
    </None>
    <None Include="Resources\Images\RedDog.png">
      <Filter>Resources\Images</Filter>
    </None>
    <None Include="Resources\Images\Woof.png">
      <Filter>Resources\Images</Filter>
    </None>
    <None Include="Resources\Images\Bluehound.png">
      <Filter>Resources\Images</Filter>
    </None>
    <None Include="Resources\Images\doggie.png">
      <Filter>Resources\Images</Filter>
    </None>
    <None Include="Resources\Images\Pointy.png">
      <Filter>Resources\Images</Filter>
    </None>
    <None Include="Resources\Images\Cat.png">
      <Filter>Resources\Images</Filter>
    </None>
    <None Include="Resources\Sound\MusicMono.wav">
      <Filter>Resources\Sound</Filter>
    </None>
    <None Include="Shaders\BasicHLSL.fx">
      <Filter>Shaders</Filter>
    </None>
    <None Include="Shaders\BaseMaterial.shader">
      <Filter>Shaders</Filter>
    </None>
    <None Include="Shaders\ParticleMaterial.shader">
      <Filter>Shaders</Filter>
    </None>
  </ItemGroup>
  <ItemGroup>
    <ClCompile Include="Source\InputManager.cpp">
      <Filter>Source</Filter>
    </ClCompile>
    <ClCompile Include="Source\ZooKeeper.cpp">
      <Filter>Source</Filter>
    </ClCompile>
    <ClCompile Include="Source\Cell.cpp">
      <Filter>Source</Filter>
    </ClCompile>
    <ClCompile Include="Source\Grid.cpp">
      <Filter>Source</Filter>
    </ClCompile>
    <ClCompile Include="Source\ZooKeeperGame.cpp">
      <Filter>Source</Filter>
    </ClCompile>
    <ClCompile Include="Math\GameMath.cpp">
      <Filter>Math</Filter>
    </ClCompile>
    <ClCompile Include="Source\ResourceManager.cpp">
      <Filter>Source</Filter>
    </ClCompile>
    <ClCompile Include="Source\ImageResource.cpp">
      <Filter>Source</Filter>
    </ClCompile>
    <ClCompile Include="Source\GridSimulator.cpp">
      <Filter>Source</Filter>
    </ClCompile>
    <ClCompile Include="Source\ShaderResource.cpp">
      <Filter>Source</Filter>
    </ClCompile>
    <ClCompile Include="Source\GameObject.cpp">
      <Filter>Source</Filter>
    </ClCompile>
    <ClCompile Include="Source\GameResource.cpp">
      <Filter>Source</Filter>
    </ClCompile>
    <ClCompile Include="Source\ParticleManager.cpp">
      <Filter>Source</Filter>
    </ClCompile>
    <ClCompile Include="Source\VertexBufferResource.cpp">
      <Filter>Source</Filter>
    </ClCompile>
    <ClCompile Include="Source\IndexBufferResource.cpp">
      <Filter>Source</Filter>
    </ClCompile>
  </ItemGroup>
  <ItemGroup>
    <CLInclude Include="resource.h">
      <Filter>Resource Files</Filter>
    </CLInclude>
    <ResourceCompile Include="ZooKeeper.rc">
      <Filter>Resource Files</Filter>
    </ResourceCompile>
    <ClInclude Include="Header\Grid.h">
      <Filter>Header</Filter>
    </ClInclude>
    <ClInclude Include="Header\InputManager.h">
      <Filter>Header</Filter>
    </ClInclude>
    <ClInclude Include="Header\Cell.h">
      <Filter>Header</Filter>
    </ClInclude>
    <ClInclude Include="Header\ZooKeeperGame.h">
      <Filter>Header</Filter>
    </ClInclude>
    <ClInclude Include="Math\GameMath.h">
      <Filter>Math</Filter>
    </ClInclude>
    <ClInclude Include="Header\Interfaces.h">
      <Filter>Header</Filter>
    </ClInclude>
    <ClInclude Include="Header\ResourceManager.h">
      <Filter>Header</Filter>
    </ClInclude>
    <ClInclude Include="Header\ImageResource.h">
      <Filter>Header</Filter>
    </ClInclude>
    <ClInclude Include="Header\Singleton.h">
      <Filter>Header</Filter>
    </ClInclude>
    <ClInclude Include="Header\GridSimulator.h">
      <Filter>Header</Filter>
    </ClInclude>
    <ClInclude Include="Header\ShaderResource.h">
      <Filter>Header</Filter>
    </ClInclude>
    <ClInclude Include="Header\GameObject.h">
      <Filter>Header</Filter>
    </ClInclude>
    <ClInclude Include="Header\GameResource.h">
      <Filter>Header</Filter>
    </ClInclude>
    <ClInclude Include="Header\ParticleManager.h">
      <Filter>Header</Filter>
    </ClInclude>
    <ClInclude Include="Header\GameConfig.h">
      <Filter>Header</Filter>
    </ClInclude>
    <ClInclude Include="Header\Globals.h">
      <Filter>Header</Filter>
    </ClInclude>
    <ClInclude Include="Header\VertexBufferResource.h">
      <Filter>Header</Filter>
    </ClInclude>
    <ClInclude Include="Header\IndexBufferResource.h">
      <Filter>Header</Filter>
    </ClInclude>
  </ItemGroup>
  <ItemGroup>
  </ItemGroup>
</Project>